
Microsoft Visual Studio Solution File, Format Version 12.00
# Visual Studio Version 17
VisualStudioVersion = 17.4.33213.308
MinimumVisualStudioVersion = 10.0.40219.1
Project("{9A19103F-16F7-4668-BE54-9A1E7A4F7556}") = "PlatformService", "PlatformService\PlatformService.csproj", "{7BACA8D8-68FC-4646-A77B-3A3EF90FA26D}"
EndProject
Project("{2150E333-8FDC-42A3-9474-1A3956D46DE8}") = "K8S", "K8S", "{4064ED2B-72A7-47C2-A40F-CFF8D4F8629F}"
	ProjectSection(SolutionItems) = preProject
		platforms-deploy.yaml = platforms-deploy.yaml
		platforms-nodeport.yaml = platforms-nodeport.yaml
	EndProjectSection
EndProject
Project("{FAE04EC0-301F-11D3-BF4B-00C04F79EFBC}") = "CommandService", "CommandService\CommandService.csproj", "{F9364BF9-C6B9-40D6-94C7-8D50B905522F}"
EndProject
Global
	GlobalSection(SolutionConfigurationPlatforms) = preSolution
		Debug|Any CPU = Debug|Any CPU
		Release|Any CPU = Release|Any CPU
	EndGlobalSection
	GlobalSection(ProjectConfigurationPlatforms) = postSolution
		{7BACA8D8-68FC-4646-A77B-3A3EF90FA26D}.Debug|Any CPU.ActiveCfg = Debug|Any CPU
		{7BACA8D8-68FC-4646-A77B-3A3EF90FA26D}.Debug|Any CPU.Build.0 = Debug|Any CPU
		{7BACA8D8-68FC-4646-A77B-3A3EF90FA26D}.Release|Any CPU.ActiveCfg = Release|Any CPU
		{7BACA8D8-68FC-4646-A77B-3A3EF90FA26D}.Release|Any CPU.Build.0 = Release|Any CPU
		{F9364BF9-C6B9-40D6-94C7-8D50B905522F}.Debug|Any CPU.ActiveCfg = Debug|Any CPU
		{F9364BF9-C6B9-40D6-94C7-8D50B905522F}.Debug|Any CPU.Build.0 = Debug|Any CPU
		{F9364BF9-C6B9-40D6-94C7-8D50B905522F}.Release|Any CPU.ActiveCfg = Release|Any CPU
		{F9364BF9-C6B9-40D6-94C7-8D50B905522F}.Release|Any CPU.Build.0 = Release|Any CPU
	EndGlobalSection
	GlobalSection(SolutionProperties) = preSolution
		HideSolutionNode = FALSE
	EndGlobalSection
	GlobalSection(ExtensibilityGlobals) = postSolution
		SolutionGuid = {C19BAFE9-37A7-459F-B723-4B8A59015A56}
	EndGlobalSection
EndGlobal
